
Microsoft Visual Studio Solution File, Format Version 12.00
Project("{FAE04EC0-301F-11D3-BF4B-00C04F79EFBC}") = "ObserverPatternExample", "ObserverPatternExample\ObserverPatternExample.csproj", "{78CDE26E-E808-4CAB-B7B7-F808CFF910DB}"
EndProject
Global
	GlobalSection(SolutionConfigurationPlatforms) = preSolution
		Debug|Any CPU = Debug|Any CPU
		Release|Any CPU = Release|Any CPU
	EndGlobalSection
	GlobalSection(ProjectConfigurationPlatforms) = postSolution
		{78CDE26E-E808-4CAB-B7B7-F808CFF910DB}.Debug|Any CPU.ActiveCfg = Debug|Any CPU
		{78CDE26E-E808-4CAB-B7B7-F808CFF910DB}.Debug|Any CPU.Build.0 = Debug|Any CPU
		{78CDE26E-E808-4CAB-B7B7-F808CFF910DB}.Release|Any CPU.ActiveCfg = Release|Any CPU
		{78CDE26E-E808-4CAB-B7B7-F808CFF910DB}.Release|Any CPU.Build.0 = Release|Any CPU
	EndGlobalSection
EndGlobal
